
Microsoft Visual Studio Solution File, Format Version 12.00
# Visual Studio Version 17
VisualStudioVersion = 17.8.34330.188
MinimumVisualStudioVersion = 10.0.40219.1
Project("{FAE04EC0-301F-11D3-BF4B-00C04F79EFBC}") = "WebAppMIT2", "WebAppMIT2\WebAppMIT2.csproj", "{15D8A7A7-9B7F-411C-8A70-5E80C69DBEB2}"
EndProject
Global
	GlobalSection(SolutionConfigurationPlatforms) = preSolution
		Debug|Any CPU = Debug|Any CPU
		Release|Any CPU = Release|Any CPU
	EndGlobalSection
	GlobalSection(ProjectConfigurationPlatforms) = postSolution
		{15D8A7A7-9B7F-411C-8A70-5E80C69DBEB2}.Debug|Any CPU.ActiveCfg = Debug|Any CPU
		{15D8A7A7-9B7F-411C-8A70-5E80C69DBEB2}.Debug|Any CPU.Build.0 = Debug|Any CPU
		{15D8A7A7-9B7F-411C-8A70-5E80C69DBEB2}.Release|Any CPU.ActiveCfg = Release|Any CPU
		{15D8A7A7-9B7F-411C-8A70-5E80C69DBEB2}.Release|Any CPU.Build.0 = Release|Any CPU
	EndGlobalSection
	GlobalSection(SolutionProperties) = preSolution
		HideSolutionNode = FALSE
	EndGlobalSection
	GlobalSection(ExtensibilityGlobals) = postSolution
		SolutionGuid = {539D033F-50BE-4DBA-A7A4-3CAE2C2A1A04}
	EndGlobalSection
EndGlobal
